
Microsoft Visual Studio Solution File, Format Version 12.00
# Visual Studio Version 17
VisualStudioVersion = 17.5.002.0
MinimumVisualStudioVersion = 10.0.40219.1
Project("{9A19103F-16F7-4668-BE54-9A1E7A4F7556}") = "Model", "Model\Model.csproj", "{51C23475-94FB-49A4-8694-36465F8AD68B}"
EndProject
Project("{FAE04EC0-301F-11D3-BF4B-00C04F79EFBC}") = "Context", "Context\Context.csproj", "{D24C9AAC-9DE1-427D-84CD-A39E7F3387AE}"
EndProject
Project("{FAE04EC0-301F-11D3-BF4B-00C04F79EFBC}") = "WebApi", "WebApi\WebApi.csproj", "{A05C7183-E2F3-4749-93FB-6B099F6C45DD}"
EndProject
Project("{FAE04EC0-301F-11D3-BF4B-00C04F79EFBC}") = "Interfaces", "Interfaces\Interfaces.csproj", "{7B172F93-6385-4998-8683-0879E69101DA}"
EndProject
Project("{FAE04EC0-301F-11D3-BF4B-00C04F79EFBC}") = "Repository", "Repository\Repository.csproj", "{23F68966-1A97-4A31-ACC5-EE455143EC9E}"
EndProject
Global
	GlobalSection(SolutionConfigurationPlatforms) = preSolution
		Debug|Any CPU = Debug|Any CPU
		Release|Any CPU = Release|Any CPU
	EndGlobalSection
	GlobalSection(ProjectConfigurationPlatforms) = postSolution
		{51C23475-94FB-49A4-8694-36465F8AD68B}.Debug|Any CPU.ActiveCfg = Debug|Any CPU
		{51C23475-94FB-49A4-8694-36465F8AD68B}.Debug|Any CPU.Build.0 = Debug|Any CPU
		{51C23475-94FB-49A4-8694-36465F8AD68B}.Release|Any CPU.ActiveCfg = Release|Any CPU
		{51C23475-94FB-49A4-8694-36465F8AD68B}.Release|Any CPU.Build.0 = Release|Any CPU
		{D24C9AAC-9DE1-427D-84CD-A39E7F3387AE}.Debug|Any CPU.ActiveCfg = Debug|Any CPU
		{D24C9AAC-9DE1-427D-84CD-A39E7F3387AE}.Debug|Any CPU.Build.0 = Debug|Any CPU
		{D24C9AAC-9DE1-427D-84CD-A39E7F3387AE}.Release|Any CPU.ActiveCfg = Release|Any CPU
		{D24C9AAC-9DE1-427D-84CD-A39E7F3387AE}.Release|Any CPU.Build.0 = Release|Any CPU
		{A05C7183-E2F3-4749-93FB-6B099F6C45DD}.Debug|Any CPU.ActiveCfg = Debug|Any CPU
		{A05C7183-E2F3-4749-93FB-6B099F6C45DD}.Debug|Any CPU.Build.0 = Debug|Any CPU
		{A05C7183-E2F3-4749-93FB-6B099F6C45DD}.Release|Any CPU.ActiveCfg = Release|Any CPU
		{A05C7183-E2F3-4749-93FB-6B099F6C45DD}.Release|Any CPU.Build.0 = Release|Any CPU
		{7B172F93-6385-4998-8683-0879E69101DA}.Debug|Any CPU.ActiveCfg = Debug|Any CPU
		{7B172F93-6385-4998-8683-0879E69101DA}.Debug|Any CPU.Build.0 = Debug|Any CPU
		{7B172F93-6385-4998-8683-0879E69101DA}.Release|Any CPU.ActiveCfg = Release|Any CPU
		{7B172F93-6385-4998-8683-0879E69101DA}.Release|Any CPU.Build.0 = Release|Any CPU
		{23F68966-1A97-4A31-ACC5-EE455143EC9E}.Debug|Any CPU.ActiveCfg = Debug|Any CPU
		{23F68966-1A97-4A31-ACC5-EE455143EC9E}.Debug|Any CPU.Build.0 = Debug|Any CPU
		{23F68966-1A97-4A31-ACC5-EE455143EC9E}.Release|Any CPU.ActiveCfg = Release|Any CPU
		{23F68966-1A97-4A31-ACC5-EE455143EC9E}.Release|Any CPU.Build.0 = Release|Any CPU
	EndGlobalSection
	GlobalSection(SolutionProperties) = preSolution
		HideSolutionNode = FALSE
	EndGlobalSection
	GlobalSection(ExtensibilityGlobals) = postSolution
		SolutionGuid = {BDB2869F-CE87-4043-9DE4-A4B979A5F1ED}
	EndGlobalSection
EndGlobal
