
Microsoft Visual Studio Solution File, Format Version 12.00
# Visual Studio Version 17
VisualStudioVersion = 17.5.002.0
MinimumVisualStudioVersion = 10.0.40219.1
Project("{9A19103F-16F7-4668-BE54-9A1E7A4F7556}") = "Context", "Context\Context.csproj", "{71AA5EF4-3B9C-427E-A81F-DB11456769B8}"
EndProject
Project("{9A19103F-16F7-4668-BE54-9A1E7A4F7556}") = "DTOs", "DTOs\DTOs.csproj", "{A6839CC4-5137-4253-ABAC-05FBBE391A4E}"
EndProject
Project("{9A19103F-16F7-4668-BE54-9A1E7A4F7556}") = "Exceptions", "Exceptions\Exceptions.csproj", "{A0C853A4-491D-4B1D-BA49-6D789238D121}"
EndProject
Project("{9A19103F-16F7-4668-BE54-9A1E7A4F7556}") = "Interfaces", "Interfaces\Interfaces.csproj", "{CF342BFE-FA85-4FAF-89C4-ADCC321F190A}"
EndProject
Project("{9A19103F-16F7-4668-BE54-9A1E7A4F7556}") = "LibraryTests", "LibraryTests\LibraryTests.csproj", "{0D63827B-7F07-4BFD-8974-CC398CC69B3F}"
EndProject
Project("{9A19103F-16F7-4668-BE54-9A1E7A4F7556}") = "Model", "Model\Model.csproj", "{A8D6B049-E506-40EF-8FB9-223EAB641146}"
EndProject
Project("{9A19103F-16F7-4668-BE54-9A1E7A4F7556}") = "Repositories", "Repositories\Repositories.csproj", "{C1965D14-E198-4CFF-AA48-6752E5351098}"
EndProject
Project("{9A19103F-16F7-4668-BE54-9A1E7A4F7556}") = "Services", "Services\Services.csproj", "{443656D0-C2C5-4410-AB9F-38AD032A0DB1}"
EndProject
Project("{9A19103F-16F7-4668-BE54-9A1E7A4F7556}") = "WebApi", "WebApi\WebApi.csproj", "{771EF8BC-8EA8-4CC3-8B70-3098D082F460}"
EndProject
Global
	GlobalSection(SolutionConfigurationPlatforms) = preSolution
		Debug|Any CPU = Debug|Any CPU
		Release|Any CPU = Release|Any CPU
	EndGlobalSection
	GlobalSection(ProjectConfigurationPlatforms) = postSolution
		{71AA5EF4-3B9C-427E-A81F-DB11456769B8}.Debug|Any CPU.ActiveCfg = Debug|Any CPU
		{71AA5EF4-3B9C-427E-A81F-DB11456769B8}.Debug|Any CPU.Build.0 = Debug|Any CPU
		{71AA5EF4-3B9C-427E-A81F-DB11456769B8}.Release|Any CPU.ActiveCfg = Release|Any CPU
		{71AA5EF4-3B9C-427E-A81F-DB11456769B8}.Release|Any CPU.Build.0 = Release|Any CPU
		{A6839CC4-5137-4253-ABAC-05FBBE391A4E}.Debug|Any CPU.ActiveCfg = Debug|Any CPU
		{A6839CC4-5137-4253-ABAC-05FBBE391A4E}.Debug|Any CPU.Build.0 = Debug|Any CPU
		{A6839CC4-5137-4253-ABAC-05FBBE391A4E}.Release|Any CPU.ActiveCfg = Release|Any CPU
		{A6839CC4-5137-4253-ABAC-05FBBE391A4E}.Release|Any CPU.Build.0 = Release|Any CPU
		{A0C853A4-491D-4B1D-BA49-6D789238D121}.Debug|Any CPU.ActiveCfg = Debug|Any CPU
		{A0C853A4-491D-4B1D-BA49-6D789238D121}.Debug|Any CPU.Build.0 = Debug|Any CPU
		{A0C853A4-491D-4B1D-BA49-6D789238D121}.Release|Any CPU.ActiveCfg = Release|Any CPU
		{A0C853A4-491D-4B1D-BA49-6D789238D121}.Release|Any CPU.Build.0 = Release|Any CPU
		{CF342BFE-FA85-4FAF-89C4-ADCC321F190A}.Debug|Any CPU.ActiveCfg = Debug|Any CPU
		{CF342BFE-FA85-4FAF-89C4-ADCC321F190A}.Debug|Any CPU.Build.0 = Debug|Any CPU
		{CF342BFE-FA85-4FAF-89C4-ADCC321F190A}.Release|Any CPU.ActiveCfg = Release|Any CPU
		{CF342BFE-FA85-4FAF-89C4-ADCC321F190A}.Release|Any CPU.Build.0 = Release|Any CPU
		{0D63827B-7F07-4BFD-8974-CC398CC69B3F}.Debug|Any CPU.ActiveCfg = Debug|Any CPU
		{0D63827B-7F07-4BFD-8974-CC398CC69B3F}.Debug|Any CPU.Build.0 = Debug|Any CPU
		{0D63827B-7F07-4BFD-8974-CC398CC69B3F}.Release|Any CPU.ActiveCfg = Release|Any CPU
		{0D63827B-7F07-4BFD-8974-CC398CC69B3F}.Release|Any CPU.Build.0 = Release|Any CPU
		{A8D6B049-E506-40EF-8FB9-223EAB641146}.Debug|Any CPU.ActiveCfg = Debug|Any CPU
		{A8D6B049-E506-40EF-8FB9-223EAB641146}.Debug|Any CPU.Build.0 = Debug|Any CPU
		{A8D6B049-E506-40EF-8FB9-223EAB641146}.Release|Any CPU.ActiveCfg = Release|Any CPU
		{A8D6B049-E506-40EF-8FB9-223EAB641146}.Release|Any CPU.Build.0 = Release|Any CPU
		{C1965D14-E198-4CFF-AA48-6752E5351098}.Debug|Any CPU.ActiveCfg = Debug|Any CPU
		{C1965D14-E198-4CFF-AA48-6752E5351098}.Debug|Any CPU.Build.0 = Debug|Any CPU
		{C1965D14-E198-4CFF-AA48-6752E5351098}.Release|Any CPU.ActiveCfg = Release|Any CPU
		{C1965D14-E198-4CFF-AA48-6752E5351098}.Release|Any CPU.Build.0 = Release|Any CPU
		{443656D0-C2C5-4410-AB9F-38AD032A0DB1}.Debug|Any CPU.ActiveCfg = Debug|Any CPU
		{443656D0-C2C5-4410-AB9F-38AD032A0DB1}.Debug|Any CPU.Build.0 = Debug|Any CPU
		{443656D0-C2C5-4410-AB9F-38AD032A0DB1}.Release|Any CPU.ActiveCfg = Release|Any CPU
		{443656D0-C2C5-4410-AB9F-38AD032A0DB1}.Release|Any CPU.Build.0 = Release|Any CPU
		{771EF8BC-8EA8-4CC3-8B70-3098D082F460}.Debug|Any CPU.ActiveCfg = Debug|Any CPU
		{771EF8BC-8EA8-4CC3-8B70-3098D082F460}.Debug|Any CPU.Build.0 = Debug|Any CPU
		{771EF8BC-8EA8-4CC3-8B70-3098D082F460}.Release|Any CPU.ActiveCfg = Release|Any CPU
		{771EF8BC-8EA8-4CC3-8B70-3098D082F460}.Release|Any CPU.Build.0 = Release|Any CPU
	EndGlobalSection
	GlobalSection(SolutionProperties) = preSolution
		HideSolutionNode = FALSE
	EndGlobalSection
	GlobalSection(ExtensibilityGlobals) = postSolution
		SolutionGuid = {BDB2869F-CE87-4043-9DE4-A4B979A5F1ED}
	EndGlobalSection
EndGlobal
