
Microsoft Visual Studio Solution File, Format Version 12.00
# Visual Studio Version 17
VisualStudioVersion = 17.5.002.0
MinimumVisualStudioVersion = 10.0.40219.1
Project("{9A19103F-16F7-4668-BE54-9A1E7A4F7556}") = "Context", "Context\Context.csproj", "{661B11D8-506E-4A1B-8519-432B03E6C99A}"
EndProject
Project("{9A19103F-16F7-4668-BE54-9A1E7A4F7556}") = "DTOs", "DTOs\DTOs.csproj", "{939151A3-5B33-42F1-9E4A-8B5B1F022606}"
EndProject
Project("{9A19103F-16F7-4668-BE54-9A1E7A4F7556}") = "Exceptions", "Exceptions\Exceptions.csproj", "{04DB71AB-AB08-4151-B432-A9CB44E6F543}"
EndProject
Project("{9A19103F-16F7-4668-BE54-9A1E7A4F7556}") = "Helpers", "Helpers\Helpers.csproj", "{9F4D4B65-A8FF-4F83-A7A5-A611030F6878}"
EndProject
Project("{9A19103F-16F7-4668-BE54-9A1E7A4F7556}") = "Interfaces", "Interfaces\Interfaces.csproj", "{29B0AA15-DC8A-472C-AEC0-02147B58B146}"
EndProject
Project("{9A19103F-16F7-4668-BE54-9A1E7A4F7556}") = "LibraryTests", "LibraryTests\LibraryTests.csproj", "{84201F21-DA0C-49F7-998C-0DA4C1DA1B8C}"
EndProject
Project("{9A19103F-16F7-4668-BE54-9A1E7A4F7556}") = "Model", "Model\Model.csproj", "{F3DAFEED-326D-455F-919E-B6F87F9680F6}"
EndProject
Project("{9A19103F-16F7-4668-BE54-9A1E7A4F7556}") = "Repositories", "Repositories\Repositories.csproj", "{4A9ED02B-2E56-4BF1-BE32-F088DEE8A563}"
EndProject
Project("{9A19103F-16F7-4668-BE54-9A1E7A4F7556}") = "Services", "Services\Services.csproj", "{12A61B2F-A2D2-4C7E-B970-97119C636B91}"
EndProject
Project("{9A19103F-16F7-4668-BE54-9A1E7A4F7556}") = "WebApi", "WebApi\WebApi.csproj", "{1845F779-956D-4652-84CA-D7FE7ECF66A0}"
EndProject
Global
	GlobalSection(SolutionConfigurationPlatforms) = preSolution
		Debug|Any CPU = Debug|Any CPU
		Release|Any CPU = Release|Any CPU
	EndGlobalSection
	GlobalSection(ProjectConfigurationPlatforms) = postSolution
		{661B11D8-506E-4A1B-8519-432B03E6C99A}.Debug|Any CPU.ActiveCfg = Debug|Any CPU
		{661B11D8-506E-4A1B-8519-432B03E6C99A}.Debug|Any CPU.Build.0 = Debug|Any CPU
		{661B11D8-506E-4A1B-8519-432B03E6C99A}.Release|Any CPU.ActiveCfg = Release|Any CPU
		{661B11D8-506E-4A1B-8519-432B03E6C99A}.Release|Any CPU.Build.0 = Release|Any CPU
		{939151A3-5B33-42F1-9E4A-8B5B1F022606}.Debug|Any CPU.ActiveCfg = Debug|Any CPU
		{939151A3-5B33-42F1-9E4A-8B5B1F022606}.Debug|Any CPU.Build.0 = Debug|Any CPU
		{939151A3-5B33-42F1-9E4A-8B5B1F022606}.Release|Any CPU.ActiveCfg = Release|Any CPU
		{939151A3-5B33-42F1-9E4A-8B5B1F022606}.Release|Any CPU.Build.0 = Release|Any CPU
		{04DB71AB-AB08-4151-B432-A9CB44E6F543}.Debug|Any CPU.ActiveCfg = Debug|Any CPU
		{04DB71AB-AB08-4151-B432-A9CB44E6F543}.Debug|Any CPU.Build.0 = Debug|Any CPU
		{04DB71AB-AB08-4151-B432-A9CB44E6F543}.Release|Any CPU.ActiveCfg = Release|Any CPU
		{04DB71AB-AB08-4151-B432-A9CB44E6F543}.Release|Any CPU.Build.0 = Release|Any CPU
		{9F4D4B65-A8FF-4F83-A7A5-A611030F6878}.Debug|Any CPU.ActiveCfg = Debug|Any CPU
		{9F4D4B65-A8FF-4F83-A7A5-A611030F6878}.Debug|Any CPU.Build.0 = Debug|Any CPU
		{9F4D4B65-A8FF-4F83-A7A5-A611030F6878}.Release|Any CPU.ActiveCfg = Release|Any CPU
		{9F4D4B65-A8FF-4F83-A7A5-A611030F6878}.Release|Any CPU.Build.0 = Release|Any CPU
		{29B0AA15-DC8A-472C-AEC0-02147B58B146}.Debug|Any CPU.ActiveCfg = Debug|Any CPU
		{29B0AA15-DC8A-472C-AEC0-02147B58B146}.Debug|Any CPU.Build.0 = Debug|Any CPU
		{29B0AA15-DC8A-472C-AEC0-02147B58B146}.Release|Any CPU.ActiveCfg = Release|Any CPU
		{29B0AA15-DC8A-472C-AEC0-02147B58B146}.Release|Any CPU.Build.0 = Release|Any CPU
		{84201F21-DA0C-49F7-998C-0DA4C1DA1B8C}.Debug|Any CPU.ActiveCfg = Debug|Any CPU
		{84201F21-DA0C-49F7-998C-0DA4C1DA1B8C}.Debug|Any CPU.Build.0 = Debug|Any CPU
		{84201F21-DA0C-49F7-998C-0DA4C1DA1B8C}.Release|Any CPU.ActiveCfg = Release|Any CPU
		{84201F21-DA0C-49F7-998C-0DA4C1DA1B8C}.Release|Any CPU.Build.0 = Release|Any CPU
		{F3DAFEED-326D-455F-919E-B6F87F9680F6}.Debug|Any CPU.ActiveCfg = Debug|Any CPU
		{F3DAFEED-326D-455F-919E-B6F87F9680F6}.Debug|Any CPU.Build.0 = Debug|Any CPU
		{F3DAFEED-326D-455F-919E-B6F87F9680F6}.Release|Any CPU.ActiveCfg = Release|Any CPU
		{F3DAFEED-326D-455F-919E-B6F87F9680F6}.Release|Any CPU.Build.0 = Release|Any CPU
		{4A9ED02B-2E56-4BF1-BE32-F088DEE8A563}.Debug|Any CPU.ActiveCfg = Debug|Any CPU
		{4A9ED02B-2E56-4BF1-BE32-F088DEE8A563}.Debug|Any CPU.Build.0 = Debug|Any CPU
		{4A9ED02B-2E56-4BF1-BE32-F088DEE8A563}.Release|Any CPU.ActiveCfg = Release|Any CPU
		{4A9ED02B-2E56-4BF1-BE32-F088DEE8A563}.Release|Any CPU.Build.0 = Release|Any CPU
		{12A61B2F-A2D2-4C7E-B970-97119C636B91}.Debug|Any CPU.ActiveCfg = Debug|Any CPU
		{12A61B2F-A2D2-4C7E-B970-97119C636B91}.Debug|Any CPU.Build.0 = Debug|Any CPU
		{12A61B2F-A2D2-4C7E-B970-97119C636B91}.Release|Any CPU.ActiveCfg = Release|Any CPU
		{12A61B2F-A2D2-4C7E-B970-97119C636B91}.Release|Any CPU.Build.0 = Release|Any CPU
		{1845F779-956D-4652-84CA-D7FE7ECF66A0}.Debug|Any CPU.ActiveCfg = Debug|Any CPU
		{1845F779-956D-4652-84CA-D7FE7ECF66A0}.Debug|Any CPU.Build.0 = Debug|Any CPU
		{1845F779-956D-4652-84CA-D7FE7ECF66A0}.Release|Any CPU.ActiveCfg = Release|Any CPU
		{1845F779-956D-4652-84CA-D7FE7ECF66A0}.Release|Any CPU.Build.0 = Release|Any CPU
	EndGlobalSection
	GlobalSection(SolutionProperties) = preSolution
		HideSolutionNode = FALSE
	EndGlobalSection
	GlobalSection(ExtensibilityGlobals) = postSolution
		SolutionGuid = {BDB2869F-CE87-4043-9DE4-A4B979A5F1ED}
	EndGlobalSection
EndGlobal
