
Microsoft Visual Studio Solution File, Format Version 12.00
# Visual Studio Version 17
VisualStudioVersion = 17.5.002.0
MinimumVisualStudioVersion = 10.0.40219.1
Project("{9A19103F-16F7-4668-BE54-9A1E7A4F7556}") = "Context", "Context\Context.csproj", "{498081B5-14B0-4FE7-BBA1-87B61410B1C0}"
EndProject
Project("{9A19103F-16F7-4668-BE54-9A1E7A4F7556}") = "DTOs", "DTOs\DTOs.csproj", "{D4CCF4B4-B5D5-466E-AB09-86C6BE839BEC}"
EndProject
Project("{9A19103F-16F7-4668-BE54-9A1E7A4F7556}") = "Exceptions", "Exceptions\Exceptions.csproj", "{C92A5AFE-D43E-4ED6-9060-31FB30E3B847}"
EndProject
Project("{9A19103F-16F7-4668-BE54-9A1E7A4F7556}") = "Helpers", "Helpers\Helpers.csproj", "{CA0D1008-A0AD-45C4-BBA6-4A3712D5251E}"
EndProject
Project("{9A19103F-16F7-4668-BE54-9A1E7A4F7556}") = "Interfaces", "Interfaces\Interfaces.csproj", "{FE915ADB-DBCF-4603-9104-83EA7B79E34C}"
EndProject
Project("{9A19103F-16F7-4668-BE54-9A1E7A4F7556}") = "LibraryTests", "LibraryTests\LibraryTests.csproj", "{CD3EC9FE-117D-4F54-BABD-94FBDD053943}"
EndProject
Project("{9A19103F-16F7-4668-BE54-9A1E7A4F7556}") = "Model", "Model\Model.csproj", "{15F5E604-00CB-441E-8105-625B16C72104}"
EndProject
Project("{9A19103F-16F7-4668-BE54-9A1E7A4F7556}") = "Repositories", "Repositories\Repositories.csproj", "{44EBE7FB-2D2B-41F3-A565-94BB9AB1100B}"
EndProject
Project("{9A19103F-16F7-4668-BE54-9A1E7A4F7556}") = "Services", "Services\Services.csproj", "{1DA5DC40-B4F0-46CC-8351-44E390145BF6}"
EndProject
Project("{9A19103F-16F7-4668-BE54-9A1E7A4F7556}") = "WebApi", "WebApi\WebApi.csproj", "{75C25562-04DD-48E7-9B00-96E87BF566F5}"
EndProject
Global
	GlobalSection(SolutionConfigurationPlatforms) = preSolution
		Debug|Any CPU = Debug|Any CPU
		Release|Any CPU = Release|Any CPU
	EndGlobalSection
	GlobalSection(ProjectConfigurationPlatforms) = postSolution
		{498081B5-14B0-4FE7-BBA1-87B61410B1C0}.Debug|Any CPU.ActiveCfg = Debug|Any CPU
		{498081B5-14B0-4FE7-BBA1-87B61410B1C0}.Debug|Any CPU.Build.0 = Debug|Any CPU
		{498081B5-14B0-4FE7-BBA1-87B61410B1C0}.Release|Any CPU.ActiveCfg = Release|Any CPU
		{498081B5-14B0-4FE7-BBA1-87B61410B1C0}.Release|Any CPU.Build.0 = Release|Any CPU
		{D4CCF4B4-B5D5-466E-AB09-86C6BE839BEC}.Debug|Any CPU.ActiveCfg = Debug|Any CPU
		{D4CCF4B4-B5D5-466E-AB09-86C6BE839BEC}.Debug|Any CPU.Build.0 = Debug|Any CPU
		{D4CCF4B4-B5D5-466E-AB09-86C6BE839BEC}.Release|Any CPU.ActiveCfg = Release|Any CPU
		{D4CCF4B4-B5D5-466E-AB09-86C6BE839BEC}.Release|Any CPU.Build.0 = Release|Any CPU
		{C92A5AFE-D43E-4ED6-9060-31FB30E3B847}.Debug|Any CPU.ActiveCfg = Debug|Any CPU
		{C92A5AFE-D43E-4ED6-9060-31FB30E3B847}.Debug|Any CPU.Build.0 = Debug|Any CPU
		{C92A5AFE-D43E-4ED6-9060-31FB30E3B847}.Release|Any CPU.ActiveCfg = Release|Any CPU
		{C92A5AFE-D43E-4ED6-9060-31FB30E3B847}.Release|Any CPU.Build.0 = Release|Any CPU
		{CA0D1008-A0AD-45C4-BBA6-4A3712D5251E}.Debug|Any CPU.ActiveCfg = Debug|Any CPU
		{CA0D1008-A0AD-45C4-BBA6-4A3712D5251E}.Debug|Any CPU.Build.0 = Debug|Any CPU
		{CA0D1008-A0AD-45C4-BBA6-4A3712D5251E}.Release|Any CPU.ActiveCfg = Release|Any CPU
		{CA0D1008-A0AD-45C4-BBA6-4A3712D5251E}.Release|Any CPU.Build.0 = Release|Any CPU
		{FE915ADB-DBCF-4603-9104-83EA7B79E34C}.Debug|Any CPU.ActiveCfg = Debug|Any CPU
		{FE915ADB-DBCF-4603-9104-83EA7B79E34C}.Debug|Any CPU.Build.0 = Debug|Any CPU
		{FE915ADB-DBCF-4603-9104-83EA7B79E34C}.Release|Any CPU.ActiveCfg = Release|Any CPU
		{FE915ADB-DBCF-4603-9104-83EA7B79E34C}.Release|Any CPU.Build.0 = Release|Any CPU
		{CD3EC9FE-117D-4F54-BABD-94FBDD053943}.Debug|Any CPU.ActiveCfg = Debug|Any CPU
		{CD3EC9FE-117D-4F54-BABD-94FBDD053943}.Debug|Any CPU.Build.0 = Debug|Any CPU
		{CD3EC9FE-117D-4F54-BABD-94FBDD053943}.Release|Any CPU.ActiveCfg = Release|Any CPU
		{CD3EC9FE-117D-4F54-BABD-94FBDD053943}.Release|Any CPU.Build.0 = Release|Any CPU
		{15F5E604-00CB-441E-8105-625B16C72104}.Debug|Any CPU.ActiveCfg = Debug|Any CPU
		{15F5E604-00CB-441E-8105-625B16C72104}.Debug|Any CPU.Build.0 = Debug|Any CPU
		{15F5E604-00CB-441E-8105-625B16C72104}.Release|Any CPU.ActiveCfg = Release|Any CPU
		{15F5E604-00CB-441E-8105-625B16C72104}.Release|Any CPU.Build.0 = Release|Any CPU
		{44EBE7FB-2D2B-41F3-A565-94BB9AB1100B}.Debug|Any CPU.ActiveCfg = Debug|Any CPU
		{44EBE7FB-2D2B-41F3-A565-94BB9AB1100B}.Debug|Any CPU.Build.0 = Debug|Any CPU
		{44EBE7FB-2D2B-41F3-A565-94BB9AB1100B}.Release|Any CPU.ActiveCfg = Release|Any CPU
		{44EBE7FB-2D2B-41F3-A565-94BB9AB1100B}.Release|Any CPU.Build.0 = Release|Any CPU
		{1DA5DC40-B4F0-46CC-8351-44E390145BF6}.Debug|Any CPU.ActiveCfg = Debug|Any CPU
		{1DA5DC40-B4F0-46CC-8351-44E390145BF6}.Debug|Any CPU.Build.0 = Debug|Any CPU
		{1DA5DC40-B4F0-46CC-8351-44E390145BF6}.Release|Any CPU.ActiveCfg = Release|Any CPU
		{1DA5DC40-B4F0-46CC-8351-44E390145BF6}.Release|Any CPU.Build.0 = Release|Any CPU
		{75C25562-04DD-48E7-9B00-96E87BF566F5}.Debug|Any CPU.ActiveCfg = Debug|Any CPU
		{75C25562-04DD-48E7-9B00-96E87BF566F5}.Debug|Any CPU.Build.0 = Debug|Any CPU
		{75C25562-04DD-48E7-9B00-96E87BF566F5}.Release|Any CPU.ActiveCfg = Release|Any CPU
		{75C25562-04DD-48E7-9B00-96E87BF566F5}.Release|Any CPU.Build.0 = Release|Any CPU
	EndGlobalSection
	GlobalSection(SolutionProperties) = preSolution
		HideSolutionNode = FALSE
	EndGlobalSection
	GlobalSection(ExtensibilityGlobals) = postSolution
		SolutionGuid = {BDB2869F-CE87-4043-9DE4-A4B979A5F1ED}
	EndGlobalSection
EndGlobal
